Microsoft Visual Studio Solution File, Format Version 11.00
# Visual Studio 2008

Project("{2EF7AAFC-8D8E-31FF-54B3-58467D3215B4}") = "MavaruOnline", "Assembly-CSharp-firstpass-vs.csproj", "{9A5A79C6-660F-6265-1DB8-9365B3C954AE}"
EndProject
Project("{2EF7AAFC-8D8E-31FF-54B3-58467D3215B4}") = "MavaruOnline", "Assembly-CSharp-vs.csproj", "{39439CB1-C9D1-B0B7-537E-8AC181AC6563}"
EndProject
Project("{2EF7AAFC-8D8E-31FF-54B3-58467D3215B4}") = "MavaruOnline", "Assembly-CSharp-Editor-firstpass-vs.csproj", "{D132C6C6-8AC8-09F0-A015-96413B30BE04}"
EndProject
Global
	GlobalSection(SolutionConfigurationPlatforms) = preSolution
		Debug|Any CPU = Debug|Any CPU
		Release|Any CPU = Release|Any CPU
	EndGlobalSection
	GlobalSection(ProjectConfigurationPlatforms) = postSolution
		{9A5A79C6-660F-6265-1DB8-9365B3C954AE}.Debug|Any CPU.ActiveCfg = Debug|Any CPU
		{9A5A79C6-660F-6265-1DB8-9365B3C954AE}.Debug|Any CPU.Build.0 = Debug|Any CPU
		{9A5A79C6-660F-6265-1DB8-9365B3C954AE}.Release|Any CPU.ActiveCfg = Release|Any CPU
		{9A5A79C6-660F-6265-1DB8-9365B3C954AE}.Release|Any CPU.Build.0 = Release|Any CPU
		{39439CB1-C9D1-B0B7-537E-8AC181AC6563}.Debug|Any CPU.ActiveCfg = Debug|Any CPU
		{39439CB1-C9D1-B0B7-537E-8AC181AC6563}.Debug|Any CPU.Build.0 = Debug|Any CPU
		{39439CB1-C9D1-B0B7-537E-8AC181AC6563}.Release|Any CPU.ActiveCfg = Release|Any CPU
		{39439CB1-C9D1-B0B7-537E-8AC181AC6563}.Release|Any CPU.Build.0 = Release|Any CPU
		{D132C6C6-8AC8-09F0-A015-96413B30BE04}.Debug|Any CPU.ActiveCfg = Debug|Any CPU
		{D132C6C6-8AC8-09F0-A015-96413B30BE04}.Debug|Any CPU.Build.0 = Debug|Any CPU
		{D132C6C6-8AC8-09F0-A015-96413B30BE04}.Release|Any CPU.ActiveCfg = Release|Any CPU
		{D132C6C6-8AC8-09F0-A015-96413B30BE04}.Release|Any CPU.Build.0 = Release|Any CPU
	EndGlobalSection
	GlobalSection(SolutionProperties) = preSolution
		HideSolutionNode = FALSE
	EndGlobalSection
				GlobalSection(MonoDevelopProperties) = preSolution
		StartupItem = Assembly-CSharp.csproj
		Policies = $0
		$0.TextStylePolicy = $1
		$1.inheritsSet = null
		$1.scope = text/x-csharp
		$0.CSharpFormattingPolicy = $2
		$2.inheritsSet = Mono
		$2.inheritsScope = text/x-csharp
		$2.scope = text/x-csharp
		$0.TextStylePolicy = $3
		$3.FileWidth = 120
		$3.TabWidth = 4
		$3.EolMarker = Unix
		$3.inheritsSet = Mono
		$3.inheritsScope = text/plain
		$3.scope = text/plain
	EndGlobalSection

EndGlobal
